// !$*UTF8*$!
{
	archiveVersion = 1;
	classes = {
	};
	objectVersion = 55;
	objects = {

/* Begin PBXBuildFile section */
		1129CD35DE21EF72964A410D /* Pods_SpotFirebaseTests.framework in Frameworks */ = {isa = PBXBuildFile; fileRef = 7415A0B1C01952F16E09AB3A /* Pods_SpotFirebaseTests.framework */; };
		39646F78263AF4EE49D04752 /* Pods_SpotFirebase.framework in Frameworks */ = {isa = PBXBuildFile; fileRef = 4944422E1D338E9FA69066E5 /* Pods_SpotFirebase.framework */; };
		6931C201C5246EB93D1E3E6A /* Pods_SpotFirebase_SpotFirebaseUITests.framework in Frameworks */ = {isa = PBXBuildFile; fileRef = D8BD2A6B537DAED1151005DC /* Pods_SpotFirebase_SpotFirebaseUITests.framework */; };
		811C3CE027EA32B1009804BF /* AppDelegate.swift in Sources */ = {isa = PBXBuildFile; fileRef = 811C3CDF27EA32B1009804BF /* AppDelegate.swift */; };
		811C3CE227EA32B1009804BF /* SceneDelegate.swift in Sources */ = {isa = PBXBuildFile; fileRef = 811C3CE127EA32B1009804BF /* SceneDelegate.swift */; };
		811C3CE427EA32B1009804BF /* ViewController.swift in Sources */ = {isa = PBXBuildFile; fileRef = 811C3CE327EA32B1009804BF /* ViewController.swift */; };
		811C3CE727EA32B1009804BF /* Main.storyboard in Resources */ = {isa = PBXBuildFile; fileRef = 811C3CE527EA32B1009804BF /* Main.storyboard */; };
		811C3CE927EA32B3009804BF /* Assets.xcassets in Resources */ = {isa = PBXBuildFile; fileRef = 811C3CE827EA32B3009804BF /* Assets.xcassets */; };
		811C3CEC27EA32B3009804BF /* LaunchScreen.storyboard in Resources */ = {isa = PBXBuildFile; fileRef = 811C3CEA27EA32B3009804BF /* LaunchScreen.storyboard */; };
		811C3CF727EA32B3009804BF /* SpotFirebaseTests.swift in Sources */ = {isa = PBXBuildFile; fileRef = 811C3CF627EA32B3009804BF /* SpotFirebaseTests.swift */; };
		811C3D0127EA32B3009804BF /* SpotFirebaseUITests.swift in Sources */ = {isa = PBXBuildFile; fileRef = 811C3D0027EA32B3009804BF /* SpotFirebaseUITests.swift */; };
		811C3D0327EA32B3009804BF /* SpotFirebaseUITestsLaunchTests.swift in Sources */ = {isa = PBXBuildFile; fileRef = 811C3D0227EA32B3009804BF /* SpotFirebaseUITestsLaunchTests.swift */; };
		811C3D1427F37F67009804BF /* GoogleService-Info.plist in Resources */ = {isa = PBXBuildFile; fileRef = 811C3D1327F37F67009804BF /* GoogleService-Info.plist */; };
		811C3D2127F7AB10009804BF /* ImagePredictor.swift in Sources */ = {isa = PBXBuildFile; fileRef = 811C3D2027F7AB10009804BF /* ImagePredictor.swift */; };
		811C3D2327F7AB34009804BF /* SpotCarDetector.mlmodel in Sources */ = {isa = PBXBuildFile; fileRef = 811C3D2227F7AB34009804BF /* SpotCarDetector.mlmodel */; };
/* End PBXBuildFile section */

/* Begin PBXContainerItemProxy section */
		811C3CF327EA32B3009804BF /* PBXContainerItemProxy */ = {
			isa = PBXContainerItemProxy;
			containerPortal = 811C3CD427EA32B1009804BF /* Project object */;
			proxyType = 1;
			remoteGlobalIDString = 811C3CDB27EA32B1009804BF;
			remoteInfo = SpotFirebase;
		};
		811C3CFD27EA32B3009804BF /* PBXContainerItemProxy */ = {
			isa = PBXContainerItemProxy;
			containerPortal = 811C3CD427EA32B1009804BF /* Project object */;
			proxyType = 1;
			remoteGlobalIDString = 811C3CDB27EA32B1009804BF;
			remoteInfo = SpotFirebase;
		};
/* End PBXContainerItemProxy section */

/* Begin PBXFileReference section */
		4944422E1D338E9FA69066E5 /* Pods_SpotFirebase.framework */ = {isa = PBXFileReference; explicitFileType = wrapper.framework; includeInIndex = 0; path = Pods_SpotFirebase.framework; sourceTree = BUILT_PRODUCTS_DIR; };
		5E24749F584795FE2A6B405B /* Pods-SpotFirebase-SpotFirebaseUITests.debug.xcconfig */ = {isa = PBXFileReference; includeInIndex = 1; lastKnownFileType = text.xcconfig; name = "Pods-SpotFirebase-SpotFirebaseUITests.debug.xcconfig"; path = "Target Support Files/Pods-SpotFirebase-SpotFirebaseUITests/Pods-SpotFirebase-SpotFirebaseUITests.debug.xcconfig"; sourceTree = "<group>"; };
		7415A0B1C01952F16E09AB3A /* Pods_SpotFirebaseTests.framework */ = {isa = PBXFileReference; explicitFileType = wrapper.framework; includeInIndex = 0; path = Pods_SpotFirebaseTests.framework; sourceTree = BUILT_PRODUCTS_DIR; };
		811C3CDC27EA32B1009804BF /* SpotFirebase.app */ = {isa = PBXFileReference; explicitFileType = wrapper.application; includeInIndex = 0; path = SpotFirebase.app; sourceTree = BUILT_PRODUCTS_DIR; };
		811C3CDF27EA32B1009804BF /* AppDelegate.swift */ = {isa = PBXFileReference; lastKnownFileType = sourcecode.swift; path = AppDelegate.swift; sourceTree = "<group>"; };
		811C3CE127EA32B1009804BF /* SceneDelegate.swift */ = {isa = PBXFileReference; lastKnownFileType = sourcecode.swift; path = SceneDelegate.swift; sourceTree = "<group>"; };
		811C3CE327EA32B1009804BF /* ViewController.swift */ = {isa = PBXFileReference; lastKnownFileType = sourcecode.swift; path = ViewController.swift; sourceTree = "<group>"; };
		811C3CE627EA32B1009804BF /* Base */ = {isa = PBXFileReference; lastKnownFileType = file.storyboard; name = Base; path = Base.lproj/Main.storyboard; sourceTree = "<group>"; };
		811C3CE827EA32B3009804BF /* Assets.xcassets */ = {isa = PBXFileReference; lastKnownFileType = folder.assetcatalog; path = Assets.xcassets; sourceTree = "<group>"; };
		811C3CEB27EA32B3009804BF /* Base */ = {isa = PBXFileReference; lastKnownFileType = file.storyboard; name = Base; path = Base.lproj/LaunchScreen.storyboard; sourceTree = "<group>"; };
		811C3CED27EA32B3009804BF /* Info.plist */ = {isa = PBXFileReference; lastKnownFileType = text.plist.xml; path = Info.plist; sourceTree = "<group>"; };
		811C3CF227EA32B3009804BF /* SpotFirebaseTests.xctest */ = {isa = PBXFileReference; explicitFileType = wrapper.cfbundle; includeInIndex = 0; path = SpotFirebaseTests.xctest; sourceTree = BUILT_PRODUCTS_DIR; };
		811C3CF627EA32B3009804BF /* SpotFirebaseTests.swift */ = {isa = PBXFileReference; lastKnownFileType = sourcecode.swift; path = SpotFirebaseTests.swift; sourceTree = "<group>"; };
		811C3CFC27EA32B3009804BF /* SpotFirebaseUITests.xctest */ = {isa = PBXFileReference; explicitFileType = wrapper.cfbundle; includeInIndex = 0; path = SpotFirebaseUITests.xctest; sourceTree = BUILT_PRODUCTS_DIR; };
		811C3D0027EA32B3009804BF /* SpotFirebaseUITests.swift */ = {isa = PBXFileReference; lastKnownFileType = sourcecode.swift; path = SpotFirebaseUITests.swift; sourceTree = "<group>"; };
		811C3D0227EA32B3009804BF /* SpotFirebaseUITestsLaunchTests.swift */ = {isa = PBXFileReference; lastKnownFileType = sourcecode.swift; path = SpotFirebaseUITestsLaunchTests.swift; sourceTree = "<group>"; };
		811C3D1327F37F67009804BF /* GoogleService-Info.plist */ = {isa = PBXFileReference; fileEncoding = 4; lastKnownFileType = text.plist.xml; path = "GoogleService-Info.plist"; sourceTree = "<group>"; };
		811C3D2027F7AB10009804BF /* ImagePredictor.swift */ = {isa = PBXFileReference; lastKnownFileType = sourcecode.swift; path = ImagePredictor.swift; sourceTree = "<group>"; };
		811C3D2227F7AB34009804BF /* SpotCarDetector.mlmodel */ = {isa = PBXFileReference; lastKnownFileType = file.mlmodel; path = SpotCarDetector.mlmodel; sourceTree = "<group>"; };
		83FD4A5A54936DDA26395398 /* Pods-SpotFirebase-SpotFirebaseUITests.release.xcconfig */ = {isa = PBXFileReference; includeInIndex = 1; lastKnownFileType = text.xcconfig; name = "Pods-SpotFirebase-SpotFirebaseUITests.release.xcconfig"; path = "Target Support Files/Pods-SpotFirebase-SpotFirebaseUITests/Pods-SpotFirebase-SpotFirebaseUITests.release.xcconfig"; sourceTree = "<group>"; };
		8487D4A88787B6F593C935B2 /* Pods-SpotFirebaseTests.release.xcconfig */ = {isa = PBXFileReference; includeInIndex = 1; lastKnownFileType = text.xcconfig; name = "Pods-SpotFirebaseTests.release.xcconfig"; path = "Target Support Files/Pods-SpotFirebaseTests/Pods-SpotFirebaseTests.release.xcconfig"; sourceTree = "<group>"; };
		8E42754C306688FD21CE2E00 /* Pods-SpotFirebaseTests.debug.xcconfig */ = {isa = PBXFileReference; includeInIndex = 1; lastKnownFileType = text.xcconfig; name = "Pods-SpotFirebaseTests.debug.xcconfig"; path = "Target Support Files/Pods-SpotFirebaseTests/Pods-SpotFirebaseTests.debug.xcconfig"; sourceTree = "<group>"; };
		D8BD2A6B537DAED1151005DC /* Pods_SpotFirebase_SpotFirebaseUITests.framework */ = {isa = PBXFileReference; explicitFileType = wrapper.framework; includeInIndex = 0; path = Pods_SpotFirebase_SpotFirebaseUITests.framework; sourceTree = BUILT_PRODUCTS_DIR; };
		F83D17530E90ACA89FEA3C41 /* Pods-SpotFirebase.release.xcconfig */ = {isa = PBXFileReference; includeInIndex = 1; lastKnownFileType = text.xcconfig; name = "Pods-SpotFirebase.release.xcconfig"; path = "Target Support Files/Pods-SpotFirebase/Pods-SpotFirebase.release.xcconfig"; sourceTree = "<group>"; };
		F8E48332156108CC18B95454 /* Pods-SpotFirebase.debug.xcconfig */ = {isa = PBXFileReference; includeInIndex = 1; lastKnownFileType = text.xcconfig; name = "Pods-SpotFirebase.debug.xcconfig"; path = "Target Support Files/Pods-SpotFirebase/Pods-SpotFirebase.debug.xcconfig"; sourceTree = "<group>"; };
/* End PBXFileReference section */

/* Begin PBXFrameworksBuildPhase section */
		811C3CD927EA32B1009804BF /* Frameworks */ = {
			isa = PBXFrameworksBuildPhase;
			buildActionMask = 2147483647;
			files = (
				39646F78263AF4EE49D04752 /* Pods_SpotFirebase.framework in Frameworks */,
			);
			runOnlyForDeploymentPostprocessing = 0;
		};
		811C3CEF27EA32B3009804BF /* Frameworks */ = {
			isa = PBXFrameworksBuildPhase;
			buildActionMask = 2147483647;
			files = (
				1129CD35DE21EF72964A410D /* Pods_SpotFirebaseTests.framework in Frameworks */,
			);
			runOnlyForDeploymentPostprocessing = 0;
		};
		811C3CF927EA32B3009804BF /* Frameworks */ = {
			isa = PBXFrameworksBuildPhase;
			buildActionMask = 2147483647;
			files = (
				6931C201C5246EB93D1E3E6A /* Pods_SpotFirebase_SpotFirebaseUITests.framework in Frameworks */,
			);
			runOnlyForDeploymentPostprocessing = 0;
		};
/* End PBXFrameworksBuildPhase section */

/* Begin PBXGroup section */
		1D9A16B5CADFAA8D47E69500 /* Pods */ = {
			isa = PBXGroup;
			children = (
				F8E48332156108CC18B95454 /* Pods-SpotFirebase.debug.xcconfig */,
				F83D17530E90ACA89FEA3C41 /* Pods-SpotFirebase.release.xcconfig */,
				5E24749F584795FE2A6B405B /* Pods-SpotFirebase-SpotFirebaseUITests.debug.xcconfig */,
				83FD4A5A54936DDA26395398 /* Pods-SpotFirebase-SpotFirebaseUITests.release.xcconfig */,
				8E42754C306688FD21CE2E00 /* Pods-SpotFirebaseTests.debug.xcconfig */,
				8487D4A88787B6F593C935B2 /* Pods-SpotFirebaseTests.release.xcconfig */,
			);
			path = Pods;
			sourceTree = "<group>";
		};
		1F153E3EB9C1EB09EFFF11D3 /* Frameworks */ = {
			isa = PBXGroup;
			children = (
				4944422E1D338E9FA69066E5 /* Pods_SpotFirebase.framework */,
				D8BD2A6B537DAED1151005DC /* Pods_SpotFirebase_SpotFirebaseUITests.framework */,
				7415A0B1C01952F16E09AB3A /* Pods_SpotFirebaseTests.framework */,
			);
			name = Frameworks;
			sourceTree = "<group>";
		};
		811C3CD327EA32B1009804BF = {
			isa = PBXGroup;
			children = (
				811C3D1F27F7AB01009804BF /* Image Predictor */,
				811C3D1E27F7AAD6009804BF /* Models */,
				811C3CDE27EA32B1009804BF /* SpotFirebase */,
				811C3CF527EA32B3009804BF /* SpotFirebaseTests */,
				811C3CFF27EA32B3009804BF /* SpotFirebaseUITests */,
				811C3CDD27EA32B1009804BF /* Products */,
				1D9A16B5CADFAA8D47E69500 /* Pods */,
				1F153E3EB9C1EB09EFFF11D3 /* Frameworks */,
			);
			sourceTree = "<group>";
		};
		811C3CDD27EA32B1009804BF /* Products */ = {
			isa = PBXGroup;
			children = (
				811C3CDC27EA32B1009804BF /* SpotFirebase.app */,
				811C3CF227EA32B3009804BF /* SpotFirebaseTests.xctest */,
				811C3CFC27EA32B3009804BF /* SpotFirebaseUITests.xctest */,
			);
			name = Products;
			sourceTree = "<group>";
		};
		811C3CDE27EA32B1009804BF /* SpotFirebase */ = {
			isa = PBXGroup;
			children = (
				811C3D1327F37F67009804BF /* GoogleService-Info.plist */,
				811C3CDF27EA32B1009804BF /* AppDelegate.swift */,
				811C3CE127EA32B1009804BF /* SceneDelegate.swift */,
				811C3CE327EA32B1009804BF /* ViewController.swift */,
				811C3CE527EA32B1009804BF /* Main.storyboard */,
				811C3CE827EA32B3009804BF /* Assets.xcassets */,
				811C3CEA27EA32B3009804BF /* LaunchScreen.storyboard */,
				811C3CED27EA32B3009804BF /* Info.plist */,
			);
			path = SpotFirebase;
			sourceTree = "<group>";
		};
		811C3CF527EA32B3009804BF /* SpotFirebaseTests */ = {
			isa = PBXGroup;
			children = (
				811C3CF627EA32B3009804BF /* SpotFirebaseTests.swift */,
			);
			path = SpotFirebaseTests;
			sourceTree = "<group>";
		};
		811C3CFF27EA32B3009804BF /* SpotFirebaseUITests */ = {
			isa = PBXGroup;
			children = (
				811C3D0027EA32B3009804BF /* SpotFirebaseUITests.swift */,
				811C3D0227EA32B3009804BF /* SpotFirebaseUITestsLaunchTests.swift */,
			);
			path = SpotFirebaseUITests;
			sourceTree = "<group>";
		};
		811C3D1E27F7AAD6009804BF /* Models */ = {
			isa = PBXGroup;
			children = (
				811C3D2227F7AB34009804BF /* SpotCarDetector.mlmodel */,
			);
			path = Models;
			sourceTree = "<group>";
		};
		811C3D1F27F7AB01009804BF /* Image Predictor */ = {
			isa = PBXGroup;
			children = (
				811C3D2027F7AB10009804BF /* ImagePredictor.swift */,
			);
			path = "Image Predictor";
			sourceTree = "<group>";
		};
/* End PBXGroup section */

/* Begin PBXNativeTarget section */
		811C3CDB27EA32B1009804BF /* SpotFirebase */ = {
			isa = PBXNativeTarget;
			buildConfigurationList = 811C3D0627EA32B3009804BF /* Build configuration list for PBXNativeTarget "SpotFirebase" */;
			buildPhases = (
				652F6102400602FDDAAEEE6D /* [CP] Check Pods Manifest.lock */,
				811C3CD827EA32B1009804BF /* Sources */,
				811C3CD927EA32B1009804BF /* Frameworks */,
				811C3CDA27EA32B1009804BF /* Resources */,
				224D1037B3A52E88A79186F6 /* [CP] Embed Pods Frameworks */,
			);
			buildRules = (
			);
			dependencies = (
			);
			name = SpotFirebase;
			productName = SpotFirebase;
			productReference = 811C3CDC27EA32B1009804BF /* SpotFirebase.app */;
			productType = "com.apple.product-type.application";
		};
		811C3CF127EA32B3009804BF /* SpotFirebaseTests */ = {
			isa = PBXNativeTarget;
			buildConfigurationList = 811C3D0927EA32B3009804BF /* Build configuration list for PBXNativeTarget "SpotFirebaseTests" */;
			buildPhases = (
				40FD3FFB2562FDD8BBC1D736 /* [CP] Check Pods Manifest.lock */,
				811C3CEE27EA32B3009804BF /* Sources */,
				811C3CEF27EA32B3009804BF /* Frameworks */,
				811C3CF027EA32B3009804BF /* Resources */,
			);
			buildRules = (
			);
			dependencies = (
				811C3CF427EA32B3009804BF /* PBXTargetDependency */,
			);
			name = SpotFirebaseTests;
			productName = SpotFirebaseTests;
			productReference = 811C3CF227EA32B3009804BF /* SpotFirebaseTests.xctest */;
			productType = "com.apple.product-type.bundle.unit-test";
		};
		811C3CFB27EA32B3009804BF /* SpotFirebaseUITests */ = {
			isa = PBXNativeTarget;
			buildConfigurationList = 811C3D0C27EA32B3009804BF /* Build configuration list for PBXNativeTarget "SpotFirebaseUITests" */;
			buildPhases = (
				8FAFEF8BE7A23A352B0F1E16 /* [CP] Check Pods Manifest.lock */,
				811C3CF827EA32B3009804BF /* Sources */,
				811C3CF927EA32B3009804BF /* Frameworks */,
				811C3CFA27EA32B3009804BF /* Resources */,
				820A4AB41EDAC936236BF767 /* [CP] Embed Pods Frameworks */,
			);
			buildRules = (
			);
			dependencies = (
				811C3CFE27EA32B3009804BF /* PBXTargetDependency */,
			);
			name = SpotFirebaseUITests;
			productName = SpotFirebaseUITests;
			productReference = 811C3CFC27EA32B3009804BF /* SpotFirebaseUITests.xctest */;
			productType = "com.apple.product-type.bundle.ui-testing";
		};
/* End PBXNativeTarget section */

/* Begin PBXProject section */
		811C3CD427EA32B1009804BF /* Project object */ = {
			isa = PBXProject;
			attributes = {
				BuildIndependentTargetsInParallel = 1;
				LastSwiftUpdateCheck = 1320;
				LastUpgradeCheck = 1320;
				TargetAttributes = {
					811C3CDB27EA32B1009804BF = {
						CreatedOnToolsVersion = 13.2.1;
					};
					811C3CF127EA32B3009804BF = {
						CreatedOnToolsVersion = 13.2.1;
						TestTargetID = 811C3CDB27EA32B1009804BF;
					};
					811C3CFB27EA32B3009804BF = {
						CreatedOnToolsVersion = 13.2.1;
						TestTargetID = 811C3CDB27EA32B1009804BF;
					};
				};
			};
			buildConfigurationList = 811C3CD727EA32B1009804BF /* Build configuration list for PBXProject "SpotFirebase" */;
			compatibilityVersion = "Xcode 13.0";
			developmentRegion = en;
			hasScannedForEncodings = 0;
			knownRegions = (
				en,
				Base,
			);
			mainGroup = 811C3CD327EA32B1009804BF;
			productRefGroup = 811C3CDD27EA32B1009804BF /* Products */;
			projectDirPath = "";
			projectRoot = "";
			targets = (
				811C3CDB27EA32B1009804BF /* SpotFirebase */,
				811C3CF127EA32B3009804BF /* SpotFirebaseTests */,
				811C3CFB27EA32B3009804BF /* SpotFirebaseUITests */,
			);
		};
/* End PBXProject section */

/* Begin PBXResourcesBuildPhase section */
		811C3CDA27EA32B1009804BF /* Resources */ = {
			isa = PBXResourcesBuildPhase;
			buildActionMask = 2147483647;
			files = (
				811C3CEC27EA32B3009804BF /* LaunchScreen.storyboard in Resources */,
				811C3D1427F37F67009804BF /* GoogleService-Info.plist in Resources */,
				811C3CE927EA32B3009804BF /* Assets.xcassets in Resources */,
				811C3CE727EA32B1009804BF /* Main.storyboard in Resources */,
			);
			runOnlyForDeploymentPostprocessing = 0;
		};
		811C3CF027EA32B3009804BF /* Resources */ = {
			isa = PBXResourcesBuildPhase;
			buildActionMask = 2147483647;
			files = (
			);
			runOnlyForDeploymentPostprocessing = 0;
		};
		811C3CFA27EA32B3009804BF /* Resources */ = {
			isa = PBXResourcesBuildPhase;
			buildActionMask = 2147483647;
			files = (
			);
			runOnlyForDeploymentPostprocessing = 0;
		};
/* End PBXResourcesBuildPhase section */

/* Begin PBXShellScriptBuildPhase section */
		224D1037B3A52E88A79186F6 /* [CP] Embed Pods Frameworks */ = {
			isa = PBXShellScriptBuildPhase;
			buildActionMask = 2147483647;
			files = (
			);
			inputFileListPaths = (
				"${PODS_ROOT}/Target Support Files/Pods-SpotFirebase/Pods-SpotFirebase-frameworks-${CONFIGURATION}-input-files.xcfilelist",
			);
			name = "[CP] Embed Pods Frameworks";
			outputFileListPaths = (
				"${PODS_ROOT}/Target Support Files/Pods-SpotFirebase/Pods-SpotFirebase-frameworks-${CONFIGURATION}-output-files.xcfilelist",
			);
			runOnlyForDeploymentPostprocessing = 0;
			shellPath = /bin/sh;
			shellScript = "\"${PODS_ROOT}/Target Support Files/Pods-SpotFirebase/Pods-SpotFirebase-frameworks.sh\"\n";
			showEnvVarsInLog = 0;
		};
		40FD3FFB2562FDD8BBC1D736 /* [CP] Check Pods Manifest.lock */ = {
			isa = PBXShellScriptBuildPhase;
			buildActionMask = 2147483647;
			files = (
			);
			inputFileListPaths = (
			);
			inputPaths = (
				"${PODS_PODFILE_DIR_PATH}/Podfile.lock",
				"${PODS_ROOT}/Manifest.lock",
			);
			name = "[CP] Check Pods Manifest.lock";
			outputFileListPaths = (
			);
			outputPaths = (
				"$(DERIVED_FILE_DIR)/Pods-SpotFirebaseTests-checkManifestLockResult.txt",
			);
			runOnlyForDeploymentPostprocessing = 0;
			shellPath = /bin/sh;
			shellScript = "diff \"${PODS_PODFILE_DIR_PATH}/Podfile.lock\" \"${PODS_ROOT}/Manifest.lock\" > /dev/null\nif [ $? != 0 ] ; then\n    # print error to STDERR\n    echo \"error: The sandbox is not in sync with the Podfile.lock. Run 'pod install' or update your CocoaPods installation.\" >&2\n    exit 1\nfi\n# This output is used by Xcode 'outputs' to avoid re-running this script phase.\necho \"SUCCESS\" > \"${SCRIPT_OUTPUT_FILE_0}\"\n";
			showEnvVarsInLog = 0;
		};
		652F6102400602FDDAAEEE6D /* [CP] Check Pods Manifest.lock */ = {
			isa = PBXShellScriptBuildPhase;
			buildActionMask = 2147483647;
			files = (
			);
			inputFileListPaths = (
			);
			inputPaths = (
				"${PODS_PODFILE_DIR_PATH}/Podfile.lock",
				"${PODS_ROOT}/Manifest.lock",
			);
			name = "[CP] Check Pods Manifest.lock";
			outputFileListPaths = (
			);
			outputPaths = (
				"$(DERIVED_FILE_DIR)/Pods-SpotFirebase-checkManifestLockResult.txt",
			);
			runOnlyForDeploymentPostprocessing = 0;
			shellPath = /bin/sh;
			shellScript = "diff \"${PODS_PODFILE_DIR_PATH}/Podfile.lock\" \"${PODS_ROOT}/Manifest.lock\" > /dev/null\nif [ $? != 0 ] ; then\n    # print error to STDERR\n    echo \"error: The sandbox is not in sync with the Podfile.lock. Run 'pod install' or update your CocoaPods installation.\" >&2\n    exit 1\nfi\n# This output is used by Xcode 'outputs' to avoid re-running this script phase.\necho \"SUCCESS\" > \"${SCRIPT_OUTPUT_FILE_0}\"\n";
			showEnvVarsInLog = 0;
		};
		820A4AB41EDAC936236BF767 /* [CP] Embed Pods Frameworks */ = {
			isa = PBXShellScriptBuildPhase;
			buildActionMask = 2147483647;
			files = (
			);
			inputFileListPaths = (
				"${PODS_ROOT}/Target Support Files/Pods-SpotFirebase-SpotFirebaseUITests/Pods-SpotFirebase-SpotFirebaseUITests-frameworks-${CONFIGURATION}-input-files.xcfilelist",
			);
			name = "[CP] Embed Pods Frameworks";
			outputFileListPaths = (
				"${PODS_ROOT}/Target Support Files/Pods-SpotFirebase-SpotFirebaseUITests/Pods-SpotFirebase-SpotFirebaseUITests-frameworks-${CONFIGURATION}-output-files.xcfilelist",
			);
			runOnlyForDeploymentPostprocessing = 0;
			shellPath = /bin/sh;
			shellScript = "\"${PODS_ROOT}/Target Support Files/Pods-SpotFirebase-SpotFirebaseUITests/Pods-SpotFirebase-SpotFirebaseUITests-frameworks.sh\"\n";
			showEnvVarsInLog = 0;
		};
		8FAFEF8BE7A23A352B0F1E16 /* [CP] Check Pods Manifest.lock */ = {
			isa = PBXShellScriptBuildPhase;
			buildActionMask = 2147483647;
			files = (
			);
			inputFileListPaths = (
			);
			inputPaths = (
				"${PODS_PODFILE_DIR_PATH}/Podfile.lock",
				"${PODS_ROOT}/Manifest.lock",
			);
			name = "[CP] Check Pods Manifest.lock";
			outputFileListPaths = (
			);
			outputPaths = (
				"$(DERIVED_FILE_DIR)/Pods-SpotFirebase-SpotFirebaseUITests-checkManifestLockResult.txt",
			);
			runOnlyForDeploymentPostprocessing = 0;
			shellPath = /bin/sh;
			shellScript = "diff \"${PODS_PODFILE_DIR_PATH}/Podfile.lock\" \"${PODS_ROOT}/Manifest.lock\" > /dev/null\nif [ $? != 0 ] ; then\n    # print error to STDERR\n    echo \"error: The sandbox is not in sync with the Podfile.lock. Run 'pod install' or update your CocoaPods installation.\" >&2\n    exit 1\nfi\n# This output is used by Xcode 'outputs' to avoid re-running this script phase.\necho \"SUCCESS\" > \"${SCRIPT_OUTPUT_FILE_0}\"\n";
			showEnvVarsInLog = 0;
		};
/* End PBXShellScriptBuildPhase section */

/* Begin PBXSourcesBuildPhase section */
		811C3CD827EA32B1009804BF /* Sources */ = {
			isa = PBXSourcesBuildPhase;
			buildActionMask = 2147483647;
			files = (
				811C3D2327F7AB34009804BF /* SpotCarDetector.mlmodel in Sources */,
				811C3CE427EA32B1009804BF /* ViewController.swift in Sources */,
				811C3D2127F7AB10009804BF /* ImagePredictor.swift in Sources */,
				811C3CE027EA32B1009804BF /* AppDelegate.swift in Sources */,
				811C3CE227EA32B1009804BF /* SceneDelegate.swift in Sources */,
			);
			runOnlyForDeploymentPostprocessing = 0;
		};
		811C3CEE27EA32B3009804BF /* Sources */ = {
			isa = PBXSourcesBuildPhase;
			buildActionMask = 2147483647;
			files = (
				811C3CF727EA32B3009804BF /* SpotFirebaseTests.swift in Sources */,
			);
			runOnlyForDeploymentPostprocessing = 0;
		};
		811C3CF827EA32B3009804BF /* Sources */ = {
			isa = PBXSourcesBuildPhase;
			buildActionMask = 2147483647;
			files = (
				811C3D0127EA32B3009804BF /* SpotFirebaseUITests.swift in Sources */,
				811C3D0327EA32B3009804BF /* SpotFirebaseUITestsLaunchTests.swift in Sources */,
			);
			runOnlyForDeploymentPostprocessing = 0;
		};
/* End PBXSourcesBuildPhase section */

/* Begin PBXTargetDependency section */
		811C3CF427EA32B3009804BF /* PBXTargetDependency */ = {
			isa = PBXTargetDependency;
			target = 811C3CDB27EA32B1009804BF /* SpotFirebase */;
			targetProxy = 811C3CF327EA32B3009804BF /* PBXContainerItemProxy */;
		};
		811C3CFE27EA32B3009804BF /* PBXTargetDependency */ = {
			isa = PBXTargetDependency;
			target = 811C3CDB27EA32B1009804BF /* SpotFirebase */;
			targetProxy = 811C3CFD27EA32B3009804BF /* PBXContainerItemProxy */;
		};
/* End PBXTargetDependency section */

/* Begin PBXVariantGroup section */
		811C3CE527EA32B1009804BF /* Main.storyboard */ = {
			isa = PBXVariantGroup;
			children = (
				811C3CE627EA32B1009804BF /* Base */,
			);
			name = Main.storyboard;
			sourceTree = "<group>";
		};
		811C3CEA27EA32B3009804BF /* LaunchScreen.storyboard */ = {
			isa = PBXVariantGroup;
			children = (
				811C3CEB27EA32B3009804BF /* Base */,
			);
			name = LaunchScreen.storyboard;
			sourceTree = "<group>";
		};
/* End PBXVariantGroup section */

/* Begin XCBuildConfiguration section */
		811C3D0427EA32B3009804BF /* Debug */ = {
			isa = XCBuildConfiguration;
			buildSettings = {
				ALWAYS_SEARCH_USER_PATHS = NO;
				CLANG_ANALYZER_NONNULL = YES;
				CLANG_ANALYZER_NUMBER_OBJECT_CONVERSION = YES_AGGRESSIVE;
				CLANG_CXX_LANGUAGE_STANDARD = "gnu++17";
				CLANG_CXX_LIBRARY = "libc++";
				CLANG_ENABLE_MODULES = YES;
				CLANG_ENABLE_OBJC_ARC = YES;
				CLANG_ENABLE_OBJC_WEAK = YES;
				CLANG_WARN_BLOCK_CAPTURE_AUTORELEASING = YES;
				CLANG_WARN_BOOL_CONVERSION = YES;
				CLANG_WARN_COMMA = YES;
				CLANG_WARN_CONSTANT_CONVERSION = YES;
				CLANG_WARN_DEPRECATED_OBJC_IMPLEMENTATIONS = YES;
				CLANG_WARN_DIRECT_OBJC_ISA_USAGE = YES_ERROR;
				CLANG_WARN_DOCUMENTATION_COMMENTS = YES;
				CLANG_WARN_EMPTY_BODY = YES;
				CLANG_WARN_ENUM_CONVERSION = YES;
				CLANG_WARN_INFINITE_RECURSION = YES;
				CLANG_WARN_INT_CONVERSION = YES;
				CLANG_WARN_NON_LITERAL_NULL_CONVERSION = YES;
				CLANG_WARN_OBJC_IMPLICIT_RETAIN_SELF = YES;
				CLANG_WARN_OBJC_LITERAL_CONVERSION = YES;
				CLANG_WARN_OBJC_ROOT_CLASS = YES_ERROR;
				CLANG_WARN_QUOTED_INCLUDE_IN_FRAMEWORK_HEADER = YES;
				CLANG_WARN_RANGE_LOOP_ANALYSIS = YES;
				CLANG_WARN_STRICT_PROTOTYPES = YES;
				CLANG_WARN_SUSPICIOUS_MOVE = YES;
				CLANG_WARN_UNGUARDED_AVAILABILITY = YES_AGGRESSIVE;
				CLANG_WARN_UNREACHABLE_CODE = YES;
				CLANG_WARN__DUPLICATE_METHOD_MATCH = YES;
				COPY_PHASE_STRIP = NO;
				DEBUG_INFORMATION_FORMAT = dwarf;
				ENABLE_STRICT_OBJC_MSGSEND = YES;
				ENABLE_TESTABILITY = YES;
				GCC_C_LANGUAGE_STANDARD = gnu11;
				GCC_DYNAMIC_NO_PIC = NO;
				GCC_NO_COMMON_BLOCKS = YES;
				GCC_OPTIMIZATION_LEVEL = 0;
				GCC_PREPROCESSOR_DEFINITIONS = (
					"DEBUG=1",
					"$(inherited)",
				);
				GCC_WARN_64_TO_32_BIT_CONVERSION = YES;
				GCC_WARN_ABOUT_RETURN_TYPE = YES_ERROR;
				GCC_WARN_UNDECLARED_SELECTOR = YES;
				GCC_WARN_UNINITIALIZED_AUTOS = YES_AGGRESSIVE;
				GCC_WARN_UNUSED_FUNCTION = YES;
				GCC_WARN_UNUSED_VARIABLE = YES;
				IPHONEOS_DEPLOYMENT_TARGET = 15.2;
				MTL_ENABLE_DEBUG_INFO = INCLUDE_SOURCE;
				MTL_FAST_MATH = YES;
				ONLY_ACTIVE_ARCH = YES;
				SDKROOT = iphoneos;
				SWIFT_ACTIVE_COMPILATION_CONDITIONS = DEBUG;
				SWIFT_OPTIMIZATION_LEVEL = "-Onone";
			};
			name = Debug;
		};
		811C3D0527EA32B3009804BF /* Release */ = {
			isa = XCBuildConfiguration;
			buildSettings = {
				ALWAYS_SEARCH_USER_PATHS = NO;
				CLANG_ANALYZER_NONNULL = YES;
				CLANG_ANALYZER_NUMBER_OBJECT_CONVERSION = YES_AGGRESSIVE;
				CLANG_CXX_LANGUAGE_STANDARD = "gnu++17";
				CLANG_CXX_LIBRARY = "libc++";
				CLANG_ENABLE_MODULES = YES;
				CLANG_ENABLE_OBJC_ARC = YES;
				CLANG_ENABLE_OBJC_WEAK = YES;
				CLANG_WARN_BLOCK_CAPTURE_AUTORELEASING = YES;
				CLANG_WARN_BOOL_CONVERSION = YES;
				CLANG_WARN_COMMA = YES;
				CLANG_WARN_CONSTANT_CONVERSION = YES;
				CLANG_WARN_DEPRECATED_OBJC_IMPLEMENTATIONS = YES;
				CLANG_WARN_DIRECT_OBJC_ISA_USAGE = YES_ERROR;
				CLANG_WARN_DOCUMENTATION_COMMENTS = YES;
				CLANG_WARN_EMPTY_BODY = YES;
				CLANG_WARN_ENUM_CONVERSION = YES;
				CLANG_WARN_INFINITE_RECURSION = YES;
				CLANG_WARN_INT_CONVERSION = YES;
				CLANG_WARN_NON_LITERAL_NULL_CONVERSION = YES;
				CLANG_WARN_OBJC_IMPLICIT_RETAIN_SELF = YES;
				CLANG_WARN_OBJC_LITERAL_CONVERSION = YES;
				CLANG_WARN_OBJC_ROOT_CLASS = YES_ERROR;
				CLANG_WARN_QUOTED_INCLUDE_IN_FRAMEWORK_HEADER = YES;
				CLANG_WARN_RANGE_LOOP_ANALYSIS = YES;
				CLANG_WARN_STRICT_PROTOTYPES = YES;
				CLANG_WARN_SUSPICIOUS_MOVE = YES;
				CLANG_WARN_UNGUARDED_AVAILABILITY = YES_AGGRESSIVE;
				CLANG_WARN_UNREACHABLE_CODE = YES;
				CLANG_WARN__DUPLICATE_METHOD_MATCH = YES;
				COPY_PHASE_STRIP = NO;
				DEBUG_INFORMATION_FORMAT = "dwarf-with-dsym";
				ENABLE_NS_ASSERTIONS = NO;
				ENABLE_STRICT_OBJC_MSGSEND = YES;
				GCC_C_LANGUAGE_STANDARD = gnu11;
				GCC_NO_COMMON_BLOCKS = YES;
				GCC_WARN_64_TO_32_BIT_CONVERSION = YES;
				GCC_WARN_ABOUT_RETURN_TYPE = YES_ERROR;
				GCC_WARN_UNDECLARED_SELECTOR = YES;
				GCC_WARN_UNINITIALIZED_AUTOS = YES_AGGRESSIVE;
				GCC_WARN_UNUSED_FUNCTION = YES;
				GCC_WARN_UNUSED_VARIABLE = YES;
				IPHONEOS_DEPLOYMENT_TARGET = 15.2;
				MTL_ENABLE_DEBUG_INFO = NO;
				MTL_FAST_MATH = YES;
				SDKROOT = iphoneos;
				SWIFT_COMPILATION_MODE = wholemodule;
				SWIFT_OPTIMIZATION_LEVEL = "-O";
				VALIDATE_PRODUCT = YES;
			};
			name = Release;
		};
		811C3D0727EA32B3009804BF /* Debug */ = {
			isa = XCBuildConfiguration;
			baseConfigurationReference = F8E48332156108CC18B95454 /* Pods-SpotFirebase.debug.xcconfig */;
			buildSettings = {
				ASSETCATALOG_COMPILER_APPICON_NAME = AppIcon;
				ASSETCATALOG_COMPILER_GLOBAL_ACCENT_COLOR_NAME = AccentColor;
				CODE_SIGN_STYLE = Automatic;
				CURRENT_PROJECT_VERSION = 1;
				DEVELOPMENT_TEAM = 2GJK3SK4U9;
				GENERATE_INFOPLIST_FILE = YES;
				INFOPLIST_FILE = SpotFirebase/Info.plist;
				INFOPLIST_KEY_UIApplicationSupportsIndirectInputEvents = YES;
				INFOPLIST_KEY_UILaunchStoryboardName = LaunchScreen;
				INFOPLIST_KEY_UIMainStoryboardFile = Main;
				INFOPLIST_KEY_UISupportedInterfaceOrientations_iPad = "UIInterfaceOrientationPortrait UIInterfaceOrientationPortraitUpsideDown UIInterfaceOrientationLandscapeLeft UIInterfaceOrientationLandscapeRight";
				INFOPLIST_KEY_UISupportedInterfaceOrientations_iPhone = "UIInterfaceOrientationPortrait UIInterfaceOrientationLandscapeLeft UIInterfaceOrientationLandscapeRight";
				LD_RUNPATH_SEARCH_PATHS = (
					"$(inherited)",
					"@executable_path/Frameworks",
				);
				MARKETING_VERSION = 1.0;
				PRODUCT_BUNDLE_IDENTIFIER = spot.SpotFirebase;
				PRODUCT_NAME = "$(TARGET_NAME)";
				SWIFT_EMIT_LOC_STRINGS = YES;
				SWIFT_VERSION = 5.0;
				TARGETED_DEVICE_FAMILY = "1,2";
			};
			name = Debug;
		};
		811C3D0827EA32B3009804BF /* Release */ = {
			isa = XCBuildConfiguration;
			baseConfigurationReference = F83D17530E90ACA89FEA3C41 /* Pods-SpotFirebase.release.xcconfig */;
			buildSettings = {
				ASSETCATALOG_COMPILER_APPICON_NAME = AppIcon;
				ASSETCATALOG_COMPILER_GLOBAL_ACCENT_COLOR_NAME = AccentColor;
				CODE_SIGN_STYLE = Automatic;
				CURRENT_PROJECT_VERSION = 1;
				DEVELOPMENT_TEAM = 2GJK3SK4U9;
				GENERATE_INFOPLIST_FILE = YES;
				INFOPLIST_FILE = SpotFirebase/Info.plist;
				INFOPLIST_KEY_UIApplicationSupportsIndirectInputEvents = YES;
				INFOPLIST_KEY_UILaunchStoryboardName = LaunchScreen;
				INFOPLIST_KEY_UIMainStoryboardFile = Main;
				INFOPLIST_KEY_UISupportedInterfaceOrientations_iPad = "UIInterfaceOrientationPortrait UIInterfaceOrientationPortraitUpsideDown UIInterfaceOrientationLandscapeLeft UIInterfaceOrientationLandscapeRight";
				INFOPLIST_KEY_UISupportedInterfaceOrientations_iPhone = "UIInterfaceOrientationPortrait UIInterfaceOrientationLandscapeLeft UIInterfaceOrientationLandscapeRight";
				LD_RUNPATH_SEARCH_PATHS = (
					"$(inherited)",
					"@executable_path/Frameworks",
				);
				MARKETING_VERSION = 1.0;
				PRODUCT_BUNDLE_IDENTIFIER = spot.SpotFirebase;
				PRODUCT_NAME = "$(TARGET_NAME)";
				SWIFT_EMIT_LOC_STRINGS = YES;
				SWIFT_VERSION = 5.0;
				TARGETED_DEVICE_FAMILY = "1,2";
			};
			name = Release;
		};
		811C3D0A27EA32B3009804BF /* Debug */ = {
			isa = XCBuildConfiguration;
			baseConfigurationReference = 8E42754C306688FD21CE2E00 /* Pods-SpotFirebaseTests.debug.xcconfig */;
			buildSettings = {
				ALWAYS_EMBED_SWIFT_STANDARD_LIBRARIES = YES;
				BUNDLE_LOADER = "$(TEST_HOST)";
				CODE_SIGN_STYLE = Automatic;
				CURRENT_PROJECT_VERSION = 1;
				DEVELOPMENT_TEAM = 2GJK3SK4U9;
				GENERATE_INFOPLIST_FILE = YES;
				IPHONEOS_DEPLOYMENT_TARGET = 15.2;
				MARKETING_VERSION = 1.0;
				PRODUCT_BUNDLE_IDENTIFIER = spot.SpotFirebaseTests;
				PRODUCT_NAME = "$(TARGET_NAME)";
				SWIFT_EMIT_LOC_STRINGS = NO;
				SWIFT_VERSION = 5.0;
				TARGETED_DEVICE_FAMILY = "1,2";
				TEST_HOST = "$(BUILT_PRODUCTS_DIR)/SpotFirebase.app/SpotFirebase";
			};
			name = Debug;
		};
		811C3D0B27EA32B3009804BF /* Release */ = {
			isa = XCBuildConfiguration;
			baseConfigurationReference = 8487D4A88787B6F593C935B2 /* Pods-SpotFirebaseTests.release.xcconfig */;
			buildSettings = {
				ALWAYS_EMBED_SWIFT_STANDARD_LIBRARIES = YES;
				BUNDLE_LOADER = "$(TEST_HOST)";
				CODE_SIGN_STYLE = Automatic;
				CURRENT_PROJECT_VERSION = 1;
				DEVELOPMENT_TEAM = 2GJK3SK4U9;
				GENERATE_INFOPLIST_FILE = YES;
				IPHONEOS_DEPLOYMENT_TARGET = 15.2;
				MARKETING_VERSION = 1.0;
				PRODUCT_BUNDLE_IDENTIFIER = spot.SpotFirebaseTests;
				PRODUCT_NAME = "$(TARGET_NAME)";
				SWIFT_EMIT_LOC_STRINGS = NO;
				SWIFT_VERSION = 5.0;
				TARGETED_DEVICE_FAMILY = "1,2";
				TEST_HOST = "$(BUILT_PRODUCTS_DIR)/SpotFirebase.app/SpotFirebase";
			};
			name = Release;
		};
		811C3D0D27EA32B3009804BF /* Debug */ = {
			isa = XCBuildConfiguration;
			baseConfigurationReference = 5E24749F584795FE2A6B405B /* Pods-SpotFirebase-SpotFirebaseUITests.debug.xcconfig */;
			buildSettings = {
				ALWAYS_EMBED_SWIFT_STANDARD_LIBRARIES = YES;
				CODE_SIGN_STYLE = Automatic;
				CURRENT_PROJECT_VERSION = 1;
				DEVELOPMENT_TEAM = 2GJK3SK4U9;
				GENERATE_INFOPLIST_FILE = YES;
				MARKETING_VERSION = 1.0;
				PRODUCT_BUNDLE_IDENTIFIER = spot.SpotFirebaseUITests;
				PRODUCT_NAME = "$(TARGET_NAME)";
				SWIFT_EMIT_LOC_STRINGS = NO;
				SWIFT_VERSION = 5.0;
				TARGETED_DEVICE_FAMILY = "1,2";
				TEST_TARGET_NAME = SpotFirebase;
			};
			name = Debug;
		};
		811C3D0E27EA32B3009804BF /* Release */ = {
			isa = XCBuildConfiguration;
			baseConfigurationReference = 83FD4A5A54936DDA26395398 /* Pods-SpotFirebase-SpotFirebaseUITests.release.xcconfig */;
			buildSettings = {
				ALWAYS_EMBED_SWIFT_STANDARD_LIBRARIES = YES;
				CODE_SIGN_STYLE = Automatic;
				CURRENT_PROJECT_VERSION = 1;
				DEVELOPMENT_TEAM = 2GJK3SK4U9;
				GENERATE_INFOPLIST_FILE = YES;
				MARKETING_VERSION = 1.0;
				PRODUCT_BUNDLE_IDENTIFIER = spot.SpotFirebaseUITests;
				PRODUCT_NAME = "$(TARGET_NAME)";
				SWIFT_EMIT_LOC_STRINGS = NO;
				SWIFT_VERSION = 5.0;
				TARGETED_DEVICE_FAMILY = "1,2";
				TEST_TARGET_NAME = SpotFirebase;
			};
			name = Release;
		};
/* End XCBuildConfiguration section */

/* Begin XCConfigurationList section */
		811C3CD727EA32B1009804BF /* Build configuration list for PBXProject "SpotFirebase" */ = {
			isa = XCConfigurationList;
			buildConfigurations = (
				811C3D0427EA32B3009804BF /* Debug */,
				811C3D0527EA32B3009804BF /* Release */,
			);
			defaultConfigurationIsVisible = 0;
			defaultConfigurationName = Release;
		};
		811C3D0627EA32B3009804BF /* Build configuration list for PBXNativeTarget "SpotFirebase" */ = {
			isa = XCConfigurationList;
			buildConfigurations = (
				811C3D0727EA32B3009804BF /* Debug */,
				811C3D0827EA32B3009804BF /* Release */,
			);
			defaultConfigurationIsVisible = 0;
			defaultConfigurationName = Release;
		};
		811C3D0927EA32B3009804BF /* Build configuration list for PBXNativeTarget "SpotFirebaseTests" */ = {
			isa = XCConfigurationList;
			buildConfigurations = (
				811C3D0A27EA32B3009804BF /* Debug */,
				811C3D0B27EA32B3009804BF /* Release */,
			);
			defaultConfigurationIsVisible = 0;
			defaultConfigurationName = Release;
		};
		811C3D0C27EA32B3009804BF /* Build configuration list for PBXNativeTarget "SpotFirebaseUITests" */ = {
			isa = XCConfigurationList;
			buildConfigurations = (
				811C3D0D27EA32B3009804BF /* Debug */,
				811C3D0E27EA32B3009804BF /* Release */,
			);
			defaultConfigurationIsVisible = 0;
			defaultConfigurationName = Release;
		};
/* End XCConfigurationList section */
	};
	rootObject = 811C3CD427EA32B1009804BF /* Project object */;
}
